Microsoft Visual Studio Solution File, Format Version 12.00
# Visual Studio Version 17
VisualStudioVersion = 17.10.34916.146
MinimumVisualStudioVersion = 10.0.40219.1
Project("{FAE04EC0-301F-11D3-BF4B-00C04F79EFBC}") = "WindowsApplication45", "WindowsApplication45\WindowsApplication45.csproj", "{14D9D7B8-28FD-4688-BA10-93B4075FE4C0}"
EndProject
Global
	GlobalSection(SolutionConfigurationPlatforms) = preSolution
		Debug|Any CPU = Debug|Any CPU
		Release|Any CPU = Release|Any CPU
	EndGlobalSection
	GlobalSection(ProjectConfigurationPlatforms) = postSolution
		{14D9D7B8-28FD-4688-BA10-93B4075FE4C0}.Debug|Any CPU.ActiveCfg = Debug|Any CPU
		{14D9D7B8-28FD-4688-BA10-93B4075FE4C0}.Debug|Any CPU.Build.0 = Debug|Any CPU
		{14D9D7B8-28FD-4688-BA10-93B4075FE4C0}.Release|Any CPU.ActiveCfg = Release|Any CPU
		{14D9D7B8-28FD-4688-BA10-93B4075FE4C0}.Release|Any CPU.Build.0 = Release|Any CPU
	EndGlobalSection
	GlobalSection(SolutionProperties) = preSolution
		HideSolutionNode = FALSE
	EndGlobalSection
	GlobalSection(ExtensibilityGlobals) = postSolution
		SolutionGuid = {C355720E-2A6F-40F0-88F8-5D512B4AD58C}
	EndGlobalSection
EndGlobal
